
Microsoft Visual Studio Solution File, Format Version 12.00
# Visual Studio Version 17
VisualStudioVersion = 17.10.34607.79
MinimumVisualStudioVersion = 10.0.40219.1
Project("{FAE04EC0-301F-11D3-BF4B-00C04F79EFBC}") = "UnitTestProject-fixed", "UnitTestProject-fixed.csproj", "{3DCF560D-4A85-475E-BEBE-6F0892F2C615}"
EndProject
Project("{FAE04EC0-301F-11D3-BF4B-00C04F79EFBC}") = "BankTest-fixed", "..\BankTest-fixed\BankTest-fixed.csproj", "{272A0FF4-FDCC-485A-BA51-D82C72158410}"
EndProject
Global
	GlobalSection(SolutionConfigurationPlatforms) = preSolution
		Debug|Any CPU = Debug|Any CPU
		Release|Any CPU = Release|Any CPU
	EndGlobalSection
	GlobalSection(ProjectConfigurationPlatforms) = postSolution
		{3DCF560D-4A85-475E-BEBE-6F0892F2C615}.Debug|Any CPU.ActiveCfg = Debug|Any CPU
		{3DCF560D-4A85-475E-BEBE-6F0892F2C615}.Debug|Any CPU.Build.0 = Debug|Any CPU
		{3DCF560D-4A85-475E-BEBE-6F0892F2C615}.Release|Any CPU.ActiveCfg = Release|Any CPU
		{3DCF560D-4A85-475E-BEBE-6F0892F2C615}.Release|Any CPU.Build.0 = Release|Any CPU
		{272A0FF4-FDCC-485A-BA51-D82C72158410}.Debug|Any CPU.ActiveCfg = Debug|Any CPU
		{272A0FF4-FDCC-485A-BA51-D82C72158410}.Debug|Any CPU.Build.0 = Debug|Any CPU
		{272A0FF4-FDCC-485A-BA51-D82C72158410}.Release|Any CPU.ActiveCfg = Release|Any CPU
		{272A0FF4-FDCC-485A-BA51-D82C72158410}.Release|Any CPU.Build.0 = Release|Any CPU
	EndGlobalSection
	GlobalSection(SolutionProperties) = preSolution
		HideSolutionNode = FALSE
	EndGlobalSection
	GlobalSection(ExtensibilityGlobals) = postSolution
		SolutionGuid = {30B5578C-9F76-4A2A-8B10-9BE4DF9EDEA2}
	EndGlobalSection
EndGlobal
